hash: d922a4570bcd51c34137e0684d0e7c7ecc7eceebbcf346ba8532009eae406ae8
updated: 2017-06-09T15:44:35.074773105+01:00
imports:
- name: github.com/fatih/structs
  version: 74a29b9fac7397d933f47e33eba94d2d83a464a2
- name: github.com/hashicorp/errwrap
  version: 7554cd9344cec97297fa6649b055a8c98c2a1e55
- name: github.com/hashicorp/go-cleanhttp
  version: 3573b8b52aa7b37b9358d966a898feb387f62437
- name: github.com/hashicorp/go-multierror
  version: ed905158d87462226a13fe39ddf685ea65f1c11f
- name: github.com/hashicorp/go-rootcerts
  version: 6bb64b370b90e7ef1fa532be9e591a81c3493e00
- name: github.com/hashicorp/hcl
  version: 392dba7d905ed5d04a5794ba89f558b27e2ba1ca
  subpackages:
  - hcl/ast
  - hcl/parser
  - hcl/token
  - json/parser
  - hcl/scanner
  - hcl/strconv
  - json/scanner
  - json/token
- name: github.com/hashicorp/vault
  version: 5190b87714df527aba3041b53fbf8032fd25d7b2
  subpackages:
  - api
  - helper/jsonutil
  - helper/compressutil
- name: github.com/mitchellh/go-homedir
  version: b8bc1bf767474819792c23f32d8286a45736f1c6
- name: github.com/mitchellh/mapstructure
  version: d0303fe809921458f417bcf828397a65db30a7e4
- name: github.com/sethgrid/pester
  version: 4f4c0a67b6496764028e1ab9fd8dfb630282ed2f
- name: github.com/sirupsen/logrus
  version: 85b1699d505667d13f8ac4478c1debbf85d6c5de
- name: golang.org/x/net
  version: 59a0b19b5533c7977ddeb86b017bf507ed407b12
  subpackages:
  - http2
  - http2/hpack
  - idna
  - lex/httplex
- name: golang.org/x/sys
  version: 0b25a408a50076fbbcae6b7ac0ea5fbb0b085e79
  subpackages:
  - unix
- name: golang.org/x/text
  version: 210eee5cf7323015d097341bcf7166130d001cd8
  subpackages:
  - secure/bidirule
  - unicode/norm
  - transform
  - unicode/bidi
testImports: []
